Microsoft Visual Studio Solution File, Format Version 11.00
# Visual Studio 2008

Project("{425F841E-6047-9DAD-FC56-975014B5FE35}") = "pumas", "Assembly-CSharp-firstpass.csproj", "{5449E1D5-78EA-01A4-1C37-709A695A17CF}"
EndProject
Project("{425F841E-6047-9DAD-FC56-975014B5FE35}") = "pumas", "Assembly-CSharp.csproj", "{F1C1EA16-7BE1-5F17-39D6-B8033F695369}"
EndProject
Project("{425F841E-6047-9DAD-FC56-975014B5FE35}") = "pumas", "Assembly-CSharp-Editor.csproj", "{5FD8DFC0-1CF0-E9F4-DD9B-A7877BC1069D}"
EndProject
Global
	GlobalSection(SolutionConfigurationPlatforms) = preSolution
		Debug|Any CPU = Debug|Any CPU
		Release|Any CPU = Release|Any CPU
	EndGlobalSection
	GlobalSection(ProjectConfigurationPlatforms) = postSolution
		{5449E1D5-78EA-01A4-1C37-709A695A17CF}.Debug|Any CPU.ActiveCfg = Debug|Any CPU
		{5449E1D5-78EA-01A4-1C37-709A695A17CF}.Debug|Any CPU.Build.0 = Debug|Any CPU
		{5449E1D5-78EA-01A4-1C37-709A695A17CF}.Release|Any CPU.ActiveCfg = Release|Any CPU
		{5449E1D5-78EA-01A4-1C37-709A695A17CF}.Release|Any CPU.Build.0 = Release|Any CPU
		{F1C1EA16-7BE1-5F17-39D6-B8033F695369}.Debug|Any CPU.ActiveCfg = Debug|Any CPU
		{F1C1EA16-7BE1-5F17-39D6-B8033F695369}.Debug|Any CPU.Build.0 = Debug|Any CPU
		{F1C1EA16-7BE1-5F17-39D6-B8033F695369}.Release|Any CPU.ActiveCfg = Release|Any CPU
		{F1C1EA16-7BE1-5F17-39D6-B8033F695369}.Release|Any CPU.Build.0 = Release|Any CPU
		{5FD8DFC0-1CF0-E9F4-DD9B-A7877BC1069D}.Debug|Any CPU.ActiveCfg = Debug|Any CPU
		{5FD8DFC0-1CF0-E9F4-DD9B-A7877BC1069D}.Debug|Any CPU.Build.0 = Debug|Any CPU
		{5FD8DFC0-1CF0-E9F4-DD9B-A7877BC1069D}.Release|Any CPU.ActiveCfg = Release|Any CPU
		{5FD8DFC0-1CF0-E9F4-DD9B-A7877BC1069D}.Release|Any CPU.Build.0 = Release|Any CPU
	EndGlobalSection
	GlobalSection(SolutionProperties) = preSolution
		HideSolutionNode = FALSE
	EndGlobalSection
	GlobalSection(MonoDevelopProperties) = preSolution
		StartupItem = Assembly-CSharp.csproj
	EndGlobalSection
EndGlobal
